
Microsoft Visual Studio Solution File, Format Version 12.00
# Visual Studio 2013
VisualStudioVersion = 12.0.21005.1
MinimumVisualStudioVersion = 10.0.40219.1
Project("{2150E333-8FDC-42A3-9474-1A3956D46DE8}") = "TestFiles", "TestFiles", "{B8CB00A2-23FB-4ACF-8752-BAAA55BF3162}"
	ProjectSection(SolutionItems) = preProject
		TestFiles\createPortforApache.sh = TestFiles\createPortforApache.sh
		TestFiles\createSSLCertification.sh = TestFiles\createSSLCertification.sh
		TestFiles\revertapacheconf.sh = TestFiles\revertapacheconf.sh
		TestFiles\scx.test.apache.wsman.package.rhel5_x64.xml = TestFiles\scx.test.apache.wsman.package.rhel5_x64.xml
		TestFiles\scx.test.apache.wsman.package.rhel6_x86.xml = TestFiles\scx.test.apache.wsman.package.rhel6_x86.xml
		TestFiles\scx.test.apache.wsman.package.sles11_x86.xml = TestFiles\scx.test.apache.wsman.package.sles11_x86.xml
		TestFiles\scx.test.apache.wsman.package.universald_x64.xml = TestFiles\scx.test.apache.wsman.package.universald_x64.xml
		TestFiles\scx.test.apache.wsman.package.universald_x86.xml = TestFiles\scx.test.apache.wsman.package.universald_x86.xml
		TestFiles\scx.test.apache.wsman.package.universalr_x64.xml = TestFiles\scx.test.apache.wsman.package.universalr_x64.xml
		TestFiles\scx.test.apache.wsman.package.universalr_x86.xml = TestFiles\scx.test.apache.wsman.package.universalr_x86.xml
		TestFiles\scx.test.apache.wsman.source.rhel5_x86.xml = TestFiles\scx.test.apache.wsman.source.rhel5_x86.xml
		TestFiles\scx.test.apache.wsman.source.rhel7_x64.xml = TestFiles\scx.test.apache.wsman.source.rhel7_x64.xml
		TestFiles\scx.test.apache.wsman.source.sles10_x86.xml = TestFiles\scx.test.apache.wsman.source.sles10_x86.xml
		TestFiles\scx.test.apache.wsman.source.universald_x64.xml = TestFiles\scx.test.apache.wsman.source.universald_x64.xml
		TestFiles\scx.test.apache.wsman.source.universald_x86.xml = TestFiles\scx.test.apache.wsman.source.universald_x86.xml
		TestFiles\scx.test.apache.wsman.source.universalr_x64.xml = TestFiles\scx.test.apache.wsman.source.universalr_x64.xml
		TestFiles\scx.test.apache.wsman.source.universalr_x86.xml = TestFiles\scx.test.apache.wsman.source.universalr_x86.xml
	EndProjectSection
EndProject
Project("{FAE04EC0-301F-11D3-BF4B-00C04F79EFBC}") = "WSManCommon", "WSManCommon\WSManCommon.csproj", "{EB1D1123-7E8A-4634-8E57-C06131B791C8}"
EndProject
Project("{FAE04EC0-301F-11D3-BF4B-00C04F79EFBC}") = "ApacheProviderTest", "SourceCode\ApacheProviderTest.csproj", "{F42FCC43-94B8-4EE4-87EC-11C785D8F3BE}"
EndProject
Global
	GlobalSection(TeamFoundationVersionControl) = preSolution
		SccNumberOfProjects = 3
		SccEnterpriseProvider = {4CA58AB2-18FA-4F8D-95D4-32DDF27D184C}
		SccTeamFoundationServer = http://cdmvstf:8080/tfs/cdm
		SccProjectUniqueName0 = WSManCommon\\WSManCommon.csproj
		SccProjectName0 = WSManCommon
		SccLocalPath0 = WSManCommon
		SccProjectUniqueName1 = SourceCode\\ApacheProviderTest.csproj
		SccProjectName1 = SourceCode
		SccLocalPath1 = SourceCode
		SccLocalPath2 = .
	EndGlobalSection
	GlobalSection(SolutionConfigurationPlatforms) = preSolution
		Debug|Any CPU = Debug|Any CPU
		Release|Any CPU = Release|Any CPU
		signed|Any CPU = signed|Any CPU
	EndGlobalSection
	GlobalSection(ProjectConfigurationPlatforms) = postSolution
		{EB1D1123-7E8A-4634-8E57-C06131B791C8}.Debug|Any CPU.ActiveCfg = Debug|Any CPU
		{EB1D1123-7E8A-4634-8E57-C06131B791C8}.Debug|Any CPU.Build.0 = Debug|Any CPU
		{EB1D1123-7E8A-4634-8E57-C06131B791C8}.Release|Any CPU.ActiveCfg = Release|Any CPU
		{EB1D1123-7E8A-4634-8E57-C06131B791C8}.Release|Any CPU.Build.0 = Release|Any CPU
		{EB1D1123-7E8A-4634-8E57-C06131B791C8}.signed|Any CPU.ActiveCfg = Release|Any CPU
		{EB1D1123-7E8A-4634-8E57-C06131B791C8}.signed|Any CPU.Build.0 = Release|Any CPU
		{F42FCC43-94B8-4EE4-87EC-11C785D8F3BE}.Debug|Any CPU.ActiveCfg = Debug|Any CPU
		{F42FCC43-94B8-4EE4-87EC-11C785D8F3BE}.Debug|Any CPU.Build.0 = Debug|Any CPU
		{F42FCC43-94B8-4EE4-87EC-11C785D8F3BE}.Release|Any CPU.ActiveCfg = Release|Any CPU
		{F42FCC43-94B8-4EE4-87EC-11C785D8F3BE}.Release|Any CPU.Build.0 = Release|Any CPU
		{F42FCC43-94B8-4EE4-87EC-11C785D8F3BE}.signed|Any CPU.ActiveCfg = Release|Any CPU
		{F42FCC43-94B8-4EE4-87EC-11C785D8F3BE}.signed|Any CPU.Build.0 = Release|Any CPU
	EndGlobalSection
	GlobalSection(SolutionProperties) = preSolution
		HideSolutionNode = FALSE
	EndGlobalSection
EndGlobal
