
Microsoft Visual Studio Solution File, Format Version 12.00
# Visual Studio 2013
VisualStudioVersion = 12.0.21005.1
MinimumVisualStudioVersion = 10.0.40219.1
Project("{FAE04EC0-301F-11D3-BF4B-00C04F79EFBC}") = "ApacheSDKTests", "ApacheSDKTests\ApacheSDKTests.csproj", "{DCFF3667-3928-457D-89D7-170D21BAE70F}"
EndProject
Project("{FAE04EC0-301F-11D3-BF4B-00C04F79EFBC}") = "ScxCommon", "..\..\ScxCommon\ScxCommon.csproj", "{B7BA6A62-C3E5-49F4-A2AF-F8C989ED1EFB}"
EndProject
Project("{FAE04EC0-301F-11D3-BF4B-00C04F79EFBC}") = "ApacheSDKHelper", "ApacheSDKHelper\ApacheSDKHelper.csproj", "{80405EEB-CD80-4131-BB83-CD8C8516EC48}"
EndProject
Project("{FAE04EC0-301F-11D3-BF4B-00C04F79EFBC}") = "Common", "..\..\..\code\ClientLibrary\Common\Common.csproj", "{596925AF-D230-4245-879D-2C6B3ED9C3EE}"
EndProject
Project("{FAE04EC0-301F-11D3-BF4B-00C04F79EFBC}") = "CredentialManagement", "..\..\..\code\ClientLibrary\CredentialManagement\CredentialManagement.csproj", "{B033968D-5AF9-4B30-AB51-1320637EC3F9}"
EndProject
Project("{FAE04EC0-301F-11D3-BF4B-00C04F79EFBC}") = "MPAbstractions", "..\..\..\code\ClientLibrary\MPAbstractions\MPAbstractions.csproj", "{0E72C11D-D2A7-462C-B129-F368C32A0989}"
EndProject
Project("{FAE04EC0-301F-11D3-BF4B-00C04F79EFBC}") = "ClientTasks", "..\..\..\code\ClientLibrary\ClientTasks\ClientTasks.csproj", "{19F05183-15F5-437C-9351-1B3295979266}"
EndProject
Project("{2150E333-8FDC-42A3-9474-1A3956D46DE8}") = "TestFiles", "TestFiles", "{00AB4F7D-1916-4FE8-B04D-21E2DE7F840F}"
	ProjectSection(SolutionItems) = preProject
		..\TestFiles\scx.test.apache.sdk.universalr.xml = ..\TestFiles\scx.test.apache.sdk.universalr.xml
		..\TestFiles\scx.test.apache.sdk.universalr_bak.xml = ..\TestFiles\scx.test.apache.sdk.universalr_bak.xml
	EndProjectSection
EndProject
Global
	GlobalSection(TeamFoundationVersionControl) = preSolution
		SccNumberOfProjects = 8
		SccEnterpriseProvider = {4CA58AB2-18FA-4F8D-95D4-32DDF27D184C}
		SccTeamFoundationServer = http://cdmvstf:8080/tfs/cdm
		SccLocalPath0 = .
		SccProjectUniqueName1 = ..\\..\\ScxCommon\\ScxCommon.csproj
		SccProjectName1 = ../../ScxCommon
		SccLocalPath1 = ..\\..\\ScxCommon
		SccProjectUniqueName2 = ..\\..\\..\\code\\ClientLibrary\\Common\\Common.csproj
		SccProjectName2 = ../../../code/ClientLibrary/Common
		SccLocalPath2 = ..\\..\\..\\code\\ClientLibrary\\Common
		SccProjectUniqueName3 = ..\\..\\..\\code\\ClientLibrary\\CredentialManagement\\CredentialManagement.csproj
		SccProjectName3 = ../../../code/ClientLibrary/CredentialManagement
		SccLocalPath3 = ..\\..\\..\\code\\ClientLibrary\\CredentialManagement
		SccProjectUniqueName4 = ..\\..\\..\\code\\ClientLibrary\\ClientTasks\\ClientTasks.csproj
		SccProjectName4 = ../../../code/ClientLibrary/ClientTasks
		SccLocalPath4 = ..\\..\\..\\code\\ClientLibrary\\ClientTasks
		SccProjectUniqueName5 = ..\\..\\..\\code\\ClientLibrary\\MPAbstractions\\MPAbstractions.csproj
		SccProjectName5 = ../../../code/ClientLibrary/MPAbstractions
		SccLocalPath5 = ..\\..\\..\\code\\ClientLibrary\\MPAbstractions
		SccProjectUniqueName6 = ApacheSDKHelper\\ApacheSDKHelper.csproj
		SccProjectName6 = ApacheSDKHelper
		SccLocalPath6 = ApacheSDKHelper
		SccProjectUniqueName7 = ApacheSDKTests\\ApacheSDKTests.csproj
		SccProjectName7 = ApacheSDKTests
		SccLocalPath7 = ApacheSDKTests
	EndGlobalSection
	GlobalSection(SolutionConfigurationPlatforms) = preSolution
		Debug|Any CPU = Debug|Any CPU
		Debug|Mixed Platforms = Debug|Mixed Platforms
		Debug|x86 = Debug|x86
		Release|Any CPU = Release|Any CPU
		Release|Mixed Platforms = Release|Mixed Platforms
		Release|x86 = Release|x86
		signed|Any CPU = signed|Any CPU
		signed|Mixed Platforms = signed|Mixed Platforms
		signed|x86 = signed|x86
	EndGlobalSection
	GlobalSection(ProjectConfigurationPlatforms) = postSolution
		{DCFF3667-3928-457D-89D7-170D21BAE70F}.Debug|Any CPU.ActiveCfg = Debug|Any CPU
		{DCFF3667-3928-457D-89D7-170D21BAE70F}.Debug|Any CPU.Build.0 = Debug|Any CPU
		{DCFF3667-3928-457D-89D7-170D21BAE70F}.Debug|Mixed Platforms.ActiveCfg = Debug|Any CPU
		{DCFF3667-3928-457D-89D7-170D21BAE70F}.Debug|Mixed Platforms.Build.0 = Debug|Any CPU
		{DCFF3667-3928-457D-89D7-170D21BAE70F}.Debug|x86.ActiveCfg = Debug|Any CPU
		{DCFF3667-3928-457D-89D7-170D21BAE70F}.Release|Any CPU.ActiveCfg = Release|Any CPU
		{DCFF3667-3928-457D-89D7-170D21BAE70F}.Release|Any CPU.Build.0 = Release|Any CPU
		{DCFF3667-3928-457D-89D7-170D21BAE70F}.Release|Mixed Platforms.ActiveCfg = Release|Any CPU
		{DCFF3667-3928-457D-89D7-170D21BAE70F}.Release|Mixed Platforms.Build.0 = Release|Any CPU
		{DCFF3667-3928-457D-89D7-170D21BAE70F}.Release|x86.ActiveCfg = Release|Any CPU
		{DCFF3667-3928-457D-89D7-170D21BAE70F}.signed|Any CPU.ActiveCfg = signed|Any CPU
		{DCFF3667-3928-457D-89D7-170D21BAE70F}.signed|Any CPU.Build.0 = signed|Any CPU
		{DCFF3667-3928-457D-89D7-170D21BAE70F}.signed|Mixed Platforms.ActiveCfg = signed|Any CPU
		{DCFF3667-3928-457D-89D7-170D21BAE70F}.signed|Mixed Platforms.Build.0 = signed|Any CPU
		{DCFF3667-3928-457D-89D7-170D21BAE70F}.signed|x86.ActiveCfg = Release|Any CPU
		{B7BA6A62-C3E5-49F4-A2AF-F8C989ED1EFB}.Debug|Any CPU.ActiveCfg = Debug|Any CPU
		{B7BA6A62-C3E5-49F4-A2AF-F8C989ED1EFB}.Debug|Any CPU.Build.0 = Debug|Any CPU
		{B7BA6A62-C3E5-49F4-A2AF-F8C989ED1EFB}.Debug|Mixed Platforms.ActiveCfg = Debug|Any CPU
		{B7BA6A62-C3E5-49F4-A2AF-F8C989ED1EFB}.Debug|Mixed Platforms.Build.0 = Debug|Any CPU
		{B7BA6A62-C3E5-49F4-A2AF-F8C989ED1EFB}.Debug|x86.ActiveCfg = Debug|Any CPU
		{B7BA6A62-C3E5-49F4-A2AF-F8C989ED1EFB}.Release|Any CPU.ActiveCfg = Release|Any CPU
		{B7BA6A62-C3E5-49F4-A2AF-F8C989ED1EFB}.Release|Any CPU.Build.0 = Release|Any CPU
		{B7BA6A62-C3E5-49F4-A2AF-F8C989ED1EFB}.Release|Mixed Platforms.ActiveCfg = Release|Any CPU
		{B7BA6A62-C3E5-49F4-A2AF-F8C989ED1EFB}.Release|Mixed Platforms.Build.0 = Release|Any CPU
		{B7BA6A62-C3E5-49F4-A2AF-F8C989ED1EFB}.Release|x86.ActiveCfg = Release|Any CPU
		{B7BA6A62-C3E5-49F4-A2AF-F8C989ED1EFB}.signed|Any CPU.ActiveCfg = signed|Any CPU
		{B7BA6A62-C3E5-49F4-A2AF-F8C989ED1EFB}.signed|Any CPU.Build.0 = signed|Any CPU
		{B7BA6A62-C3E5-49F4-A2AF-F8C989ED1EFB}.signed|Mixed Platforms.ActiveCfg = signed|Any CPU
		{B7BA6A62-C3E5-49F4-A2AF-F8C989ED1EFB}.signed|Mixed Platforms.Build.0 = signed|Any CPU
		{B7BA6A62-C3E5-49F4-A2AF-F8C989ED1EFB}.signed|x86.ActiveCfg = signed|Any CPU
		{80405EEB-CD80-4131-BB83-CD8C8516EC48}.Debug|Any CPU.ActiveCfg = Debug|Any CPU
		{80405EEB-CD80-4131-BB83-CD8C8516EC48}.Debug|Any CPU.Build.0 = Debug|Any CPU
		{80405EEB-CD80-4131-BB83-CD8C8516EC48}.Debug|Mixed Platforms.ActiveCfg = Debug|Any CPU
		{80405EEB-CD80-4131-BB83-CD8C8516EC48}.Debug|Mixed Platforms.Build.0 = Debug|Any CPU
		{80405EEB-CD80-4131-BB83-CD8C8516EC48}.Debug|x86.ActiveCfg = Debug|Any CPU
		{80405EEB-CD80-4131-BB83-CD8C8516EC48}.Release|Any CPU.ActiveCfg = Release|Any CPU
		{80405EEB-CD80-4131-BB83-CD8C8516EC48}.Release|Any CPU.Build.0 = Release|Any CPU
		{80405EEB-CD80-4131-BB83-CD8C8516EC48}.Release|Mixed Platforms.ActiveCfg = Release|Any CPU
		{80405EEB-CD80-4131-BB83-CD8C8516EC48}.Release|Mixed Platforms.Build.0 = Release|Any CPU
		{80405EEB-CD80-4131-BB83-CD8C8516EC48}.Release|x86.ActiveCfg = Release|Any CPU
		{80405EEB-CD80-4131-BB83-CD8C8516EC48}.signed|Any CPU.ActiveCfg = signed|Any CPU
		{80405EEB-CD80-4131-BB83-CD8C8516EC48}.signed|Any CPU.Build.0 = signed|Any CPU
		{80405EEB-CD80-4131-BB83-CD8C8516EC48}.signed|Mixed Platforms.ActiveCfg = signed|Any CPU
		{80405EEB-CD80-4131-BB83-CD8C8516EC48}.signed|Mixed Platforms.Build.0 = signed|Any CPU
		{80405EEB-CD80-4131-BB83-CD8C8516EC48}.signed|x86.ActiveCfg = Release|Any CPU
		{596925AF-D230-4245-879D-2C6B3ED9C3EE}.Debug|Any CPU.ActiveCfg = Debug|Any CPU
		{596925AF-D230-4245-879D-2C6B3ED9C3EE}.Debug|Any CPU.Build.0 = Debug|Any CPU
		{596925AF-D230-4245-879D-2C6B3ED9C3EE}.Debug|Mixed Platforms.ActiveCfg = Debug|Any CPU
		{596925AF-D230-4245-879D-2C6B3ED9C3EE}.Debug|Mixed Platforms.Build.0 = Debug|Any CPU
		{596925AF-D230-4245-879D-2C6B3ED9C3EE}.Debug|x86.ActiveCfg = Debug|Any CPU
		{596925AF-D230-4245-879D-2C6B3ED9C3EE}.Release|Any CPU.ActiveCfg = Release|Any CPU
		{596925AF-D230-4245-879D-2C6B3ED9C3EE}.Release|Any CPU.Build.0 = Release|Any CPU
		{596925AF-D230-4245-879D-2C6B3ED9C3EE}.Release|Mixed Platforms.ActiveCfg = Release|Any CPU
		{596925AF-D230-4245-879D-2C6B3ED9C3EE}.Release|Mixed Platforms.Build.0 = Release|Any CPU
		{596925AF-D230-4245-879D-2C6B3ED9C3EE}.Release|x86.ActiveCfg = Release|Any CPU
		{596925AF-D230-4245-879D-2C6B3ED9C3EE}.signed|Any CPU.ActiveCfg = signed|Any CPU
		{596925AF-D230-4245-879D-2C6B3ED9C3EE}.signed|Any CPU.Build.0 = signed|Any CPU
		{596925AF-D230-4245-879D-2C6B3ED9C3EE}.signed|Mixed Platforms.ActiveCfg = signed|Any CPU
		{596925AF-D230-4245-879D-2C6B3ED9C3EE}.signed|Mixed Platforms.Build.0 = signed|Any CPU
		{596925AF-D230-4245-879D-2C6B3ED9C3EE}.signed|x86.ActiveCfg = Release|Any CPU
		{B033968D-5AF9-4B30-AB51-1320637EC3F9}.Debug|Any CPU.ActiveCfg = Debug|Any CPU
		{B033968D-5AF9-4B30-AB51-1320637EC3F9}.Debug|Any CPU.Build.0 = Debug|Any CPU
		{B033968D-5AF9-4B30-AB51-1320637EC3F9}.Debug|Mixed Platforms.ActiveCfg = Debug|Any CPU
		{B033968D-5AF9-4B30-AB51-1320637EC3F9}.Debug|Mixed Platforms.Build.0 = Debug|Any CPU
		{B033968D-5AF9-4B30-AB51-1320637EC3F9}.Debug|x86.ActiveCfg = Debug|Any CPU
		{B033968D-5AF9-4B30-AB51-1320637EC3F9}.Release|Any CPU.ActiveCfg = Release|Any CPU
		{B033968D-5AF9-4B30-AB51-1320637EC3F9}.Release|Any CPU.Build.0 = Release|Any CPU
		{B033968D-5AF9-4B30-AB51-1320637EC3F9}.Release|Mixed Platforms.ActiveCfg = Release|Any CPU
		{B033968D-5AF9-4B30-AB51-1320637EC3F9}.Release|Mixed Platforms.Build.0 = Release|Any CPU
		{B033968D-5AF9-4B30-AB51-1320637EC3F9}.Release|x86.ActiveCfg = Release|Any CPU
		{B033968D-5AF9-4B30-AB51-1320637EC3F9}.signed|Any CPU.ActiveCfg = signed|Any CPU
		{B033968D-5AF9-4B30-AB51-1320637EC3F9}.signed|Any CPU.Build.0 = signed|Any CPU
		{B033968D-5AF9-4B30-AB51-1320637EC3F9}.signed|Mixed Platforms.ActiveCfg = signed|Any CPU
		{B033968D-5AF9-4B30-AB51-1320637EC3F9}.signed|Mixed Platforms.Build.0 = signed|Any CPU
		{B033968D-5AF9-4B30-AB51-1320637EC3F9}.signed|x86.ActiveCfg = Release|Any CPU
		{0E72C11D-D2A7-462C-B129-F368C32A0989}.Debug|Any CPU.ActiveCfg = Debug|Any CPU
		{0E72C11D-D2A7-462C-B129-F368C32A0989}.Debug|Any CPU.Build.0 = Debug|Any CPU
		{0E72C11D-D2A7-462C-B129-F368C32A0989}.Debug|Mixed Platforms.ActiveCfg = Debug|Any CPU
		{0E72C11D-D2A7-462C-B129-F368C32A0989}.Debug|Mixed Platforms.Build.0 = Debug|Any CPU
		{0E72C11D-D2A7-462C-B129-F368C32A0989}.Debug|x86.ActiveCfg = Debug|Any CPU
		{0E72C11D-D2A7-462C-B129-F368C32A0989}.Release|Any CPU.ActiveCfg = Release|Any CPU
		{0E72C11D-D2A7-462C-B129-F368C32A0989}.Release|Any CPU.Build.0 = Release|Any CPU
		{0E72C11D-D2A7-462C-B129-F368C32A0989}.Release|Mixed Platforms.ActiveCfg = Release|Any CPU
		{0E72C11D-D2A7-462C-B129-F368C32A0989}.Release|Mixed Platforms.Build.0 = Release|Any CPU
		{0E72C11D-D2A7-462C-B129-F368C32A0989}.Release|x86.ActiveCfg = Release|Any CPU
		{0E72C11D-D2A7-462C-B129-F368C32A0989}.signed|Any CPU.ActiveCfg = signed|Any CPU
		{0E72C11D-D2A7-462C-B129-F368C32A0989}.signed|Any CPU.Build.0 = signed|Any CPU
		{0E72C11D-D2A7-462C-B129-F368C32A0989}.signed|Mixed Platforms.ActiveCfg = signed|Any CPU
		{0E72C11D-D2A7-462C-B129-F368C32A0989}.signed|Mixed Platforms.Build.0 = signed|Any CPU
		{0E72C11D-D2A7-462C-B129-F368C32A0989}.signed|x86.ActiveCfg = Release|Any CPU
		{19F05183-15F5-437C-9351-1B3295979266}.Debug|Any CPU.ActiveCfg = Debug|Any CPU
		{19F05183-15F5-437C-9351-1B3295979266}.Debug|Any CPU.Build.0 = Debug|Any CPU
		{19F05183-15F5-437C-9351-1B3295979266}.Debug|Mixed Platforms.ActiveCfg = Debug|Any CPU
		{19F05183-15F5-437C-9351-1B3295979266}.Debug|Mixed Platforms.Build.0 = Debug|Any CPU
		{19F05183-15F5-437C-9351-1B3295979266}.Debug|x86.ActiveCfg = Debug|Any CPU
		{19F05183-15F5-437C-9351-1B3295979266}.Release|Any CPU.ActiveCfg = Release|Any CPU
		{19F05183-15F5-437C-9351-1B3295979266}.Release|Any CPU.Build.0 = Release|Any CPU
		{19F05183-15F5-437C-9351-1B3295979266}.Release|Mixed Platforms.ActiveCfg = Release|Any CPU
		{19F05183-15F5-437C-9351-1B3295979266}.Release|Mixed Platforms.Build.0 = Release|Any CPU
		{19F05183-15F5-437C-9351-1B3295979266}.Release|x86.ActiveCfg = Release|Any CPU
		{19F05183-15F5-437C-9351-1B3295979266}.signed|Any CPU.ActiveCfg = signed|Any CPU
		{19F05183-15F5-437C-9351-1B3295979266}.signed|Any CPU.Build.0 = signed|Any CPU
		{19F05183-15F5-437C-9351-1B3295979266}.signed|Mixed Platforms.ActiveCfg = signed|Any CPU
		{19F05183-15F5-437C-9351-1B3295979266}.signed|Mixed Platforms.Build.0 = signed|Any CPU
		{19F05183-15F5-437C-9351-1B3295979266}.signed|x86.ActiveCfg = Release|Any CPU
	EndGlobalSection
	GlobalSection(SolutionProperties) = preSolution
		HideSolutionNode = FALSE
	EndGlobalSection
EndGlobal
